// !$*UTF8*$!
{
	archiveVersion = 1;
	classes = {
	};
	objectVersion = 56;
	objects = {

/* Begin PBXBuildFile section */
		30EC7AA32B7D83F000B9D6AA /* Barcode_ScannerApp.swift in Sources */ = {isa = PBXBuildFile; fileRef = 30EC7AA22B7D83F000B9D6AA /* Barcode_ScannerApp.swift */; };
		30EC7AA52B7D83F000B9D6AA /* BarcodeScannerView.swift in Sources */ = {isa = PBXBuildFile; fileRef = 30EC7AA42B7D83F000B9D6AA /* BarcodeScannerView.swift */; };
		30EC7AA72B7D83F200B9D6AA /* Assets.xcassets in Resources */ = {isa = PBXBuildFile; fileRef = 30EC7AA62B7D83F200B9D6AA /* Assets.xcassets */; };
		30EC7AAA2B7D83F200B9D6AA /* Preview Assets.xcassets in Resources */ = {isa = PBXBuildFile; fileRef = 30EC7AA92B7D83F200B9D6AA /* Preview Assets.xcassets */; };
		30EC7AB42B7D83F200B9D6AA /* Barcode_ScannerTests.swift in Sources */ = {isa = PBXBuildFile; fileRef = 30EC7AB32B7D83F200B9D6AA /* Barcode_ScannerTests.swift */; };
		30EC7ABE2B7D83F200B9D6AA /* Barcode_ScannerUITests.swift in Sources */ = {isa = PBXBuildFile; fileRef = 30EC7ABD2B7D83F200B9D6AA /* Barcode_ScannerUITests.swift */; };
		30EC7AC02B7D83F200B9D6AA /* Barcode_ScannerUITestsLaunchTests.swift in Sources */ = {isa = PBXBuildFile; fileRef = 30EC7ABF2B7D83F200B9D6AA /* Barcode_ScannerUITestsLaunchTests.swift */; };
		30EC7ACD2B7D910D00B9D6AA /* ScannerVC.swift in Sources */ = {isa = PBXBuildFile; fileRef = 30EC7ACC2B7D910D00B9D6AA /* ScannerVC.swift */; };
		30EC7ACF2B7D918800B9D6AA /* ScannerView.swift in Sources */ = {isa = PBXBuildFile; fileRef = 30EC7ACE2B7D918800B9D6AA /* ScannerView.swift */; };
		30EC7AD12B7D990F00B9D6AA /* beep.mp3 in Resources */ = {isa = PBXBuildFile; fileRef = 30EC7AD02B7D990F00B9D6AA /* beep.mp3 */; };
		30EC7AD32B7D9B7A00B9D6AA /* AudioPlayer.swift in Sources */ = {isa = PBXBuildFile; fileRef = 30EC7AD22B7D9B7A00B9D6AA /* AudioPlayer.swift */; };
		30EC7AD52B7DC84D00B9D6AA /* Alert.swift in Sources */ = {isa = PBXBuildFile; fileRef = 30EC7AD42B7DC84D00B9D6AA /* Alert.swift */; };
		30EC7AD72B7DC8D200B9D6AA /* BarcodeScannerViewModel.swift in Sources */ = {isa = PBXBuildFile; fileRef = 30EC7AD62B7DC8D200B9D6AA /* BarcodeScannerViewModel.swift */; };
/* End PBXBuildFile section */

/* Begin PBXContainerItemProxy section */
		30EC7AB02B7D83F200B9D6AA /* PBXContainerItemProxy */ = {
			isa = PBXContainerItemProxy;
			containerPortal = 30EC7A972B7D83F000B9D6AA /* Project object */;
			proxyType = 1;
			remoteGlobalIDString = 30EC7A9E2B7D83F000B9D6AA;
			remoteInfo = "Barcode Scanner";
		};
		30EC7ABA2B7D83F200B9D6AA /* PBXContainerItemProxy */ = {
			isa = PBXContainerItemProxy;
			containerPortal = 30EC7A972B7D83F000B9D6AA /* Project object */;
			proxyType = 1;
			remoteGlobalIDString = 30EC7A9E2B7D83F000B9D6AA;
			remoteInfo = "Barcode Scanner";
		};
/* End PBXContainerItemProxy section */

/* Begin PBXFileReference section */
		30EC7A9F2B7D83F000B9D6AA /* Barcode Scanner.app */ = {isa = PBXFileReference; explicitFileType = wrapper.application; includeInIndex = 0; path = "Barcode Scanner.app"; sourceTree = BUILT_PRODUCTS_DIR; };
		30EC7AA22B7D83F000B9D6AA /* Barcode_ScannerApp.swift */ = {isa = PBXFileReference; lastKnownFileType = sourcecode.swift; path = Barcode_ScannerApp.swift; sourceTree = "<group>"; };
		30EC7AA42B7D83F000B9D6AA /* BarcodeScannerView.swift */ = {isa = PBXFileReference; lastKnownFileType = sourcecode.swift; path = BarcodeScannerView.swift; sourceTree = "<group>"; };
		30EC7AA62B7D83F200B9D6AA /* Assets.xcassets */ = {isa = PBXFileReference; lastKnownFileType = folder.assetcatalog; path = Assets.xcassets; sourceTree = "<group>"; };
		30EC7AA92B7D83F200B9D6AA /* Preview Assets.xcassets */ = {isa = PBXFileReference; lastKnownFileType = folder.assetcatalog; path = "Preview Assets.xcassets"; sourceTree = "<group>"; };
		30EC7AAF2B7D83F200B9D6AA /* Barcode ScannerTests.xctest */ = {isa = PBXFileReference; explicitFileType = wrapper.cfbundle; includeInIndex = 0; path = "Barcode ScannerTests.xctest"; sourceTree = BUILT_PRODUCTS_DIR; };
		30EC7AB32B7D83F200B9D6AA /* Barcode_ScannerTests.swift */ = {isa = PBXFileReference; lastKnownFileType = sourcecode.swift; path = Barcode_ScannerTests.swift; sourceTree = "<group>"; };
		30EC7AB92B7D83F200B9D6AA /* Barcode ScannerUITests.xctest */ = {isa = PBXFileReference; explicitFileType = wrapper.cfbundle; includeInIndex = 0; path = "Barcode ScannerUITests.xctest"; sourceTree = BUILT_PRODUCTS_DIR; };
		30EC7ABD2B7D83F200B9D6AA /* Barcode_ScannerUITests.swift */ = {isa = PBXFileReference; lastKnownFileType = sourcecode.swift; path = Barcode_ScannerUITests.swift; sourceTree = "<group>"; };
		30EC7ABF2B7D83F200B9D6AA /* Barcode_ScannerUITestsLaunchTests.swift */ = {isa = PBXFileReference; lastKnownFileType = sourcecode.swift; path = Barcode_ScannerUITestsLaunchTests.swift; sourceTree = "<group>"; };
		30EC7ACC2B7D910D00B9D6AA /* ScannerVC.swift */ = {isa = PBXFileReference; lastKnownFileType = sourcecode.swift; path = ScannerVC.swift; sourceTree = "<group>"; };
		30EC7ACE2B7D918800B9D6AA /* ScannerView.swift */ = {isa = PBXFileReference; lastKnownFileType = sourcecode.swift; path = ScannerView.swift; sourceTree = "<group>"; };
		30EC7AD02B7D990F00B9D6AA /* beep.mp3 */ = {isa = PBXFileReference; lastKnownFileType = audio.mp3; path = beep.mp3; sourceTree = "<group>"; };
		30EC7AD22B7D9B7A00B9D6AA /* AudioPlayer.swift */ = {isa = PBXFileReference; lastKnownFileType = sourcecode.swift; path = AudioPlayer.swift; sourceTree = "<group>"; };
		30EC7AD42B7DC84D00B9D6AA /* Alert.swift */ = {isa = PBXFileReference; lastKnownFileType = sourcecode.swift; path = Alert.swift; sourceTree = "<group>"; };
		30EC7AD62B7DC8D200B9D6AA /* BarcodeScannerViewModel.swift */ = {isa = PBXFileReference; lastKnownFileType = sourcecode.swift; path = BarcodeScannerViewModel.swift; sourceTree = "<group>"; };
/* End PBXFileReference section */

/* Begin PBXFrameworksBuildPhase section */
		30EC7A9C2B7D83F000B9D6AA /* Frameworks */ = {
			isa = PBXFrameworksBuildPhase;
			buildActionMask = 2147483647;
			files = (
			);
			runOnlyForDeploymentPostprocessing = 0;
		};
		30EC7AAC2B7D83F200B9D6AA /* Frameworks */ = {
			isa = PBXFrameworksBuildPhase;
			buildActionMask = 2147483647;
			files = (
			);
			runOnlyForDeploymentPostprocessing = 0;
		};
		30EC7AB62B7D83F200B9D6AA /* Frameworks */ = {
			isa = PBXFrameworksBuildPhase;
			buildActionMask = 2147483647;
			files = (
			);
			runOnlyForDeploymentPostprocessing = 0;
		};
/* End PBXFrameworksBuildPhase section */

/* Begin PBXGroup section */
		30EC7A962B7D83F000B9D6AA = {
			isa = PBXGroup;
			children = (
				30EC7AA12B7D83F000B9D6AA /* Barcode Scanner */,
				30EC7AB22B7D83F200B9D6AA /* Barcode ScannerTests */,
				30EC7ABC2B7D83F200B9D6AA /* Barcode ScannerUITests */,
				30EC7AA02B7D83F000B9D6AA /* Products */,
			);
			sourceTree = "<group>";
		};
		30EC7AA02B7D83F000B9D6AA /* Products */ = {
			isa = PBXGroup;
			children = (
				30EC7A9F2B7D83F000B9D6AA /* Barcode Scanner.app */,
				30EC7AAF2B7D83F200B9D6AA /* Barcode ScannerTests.xctest */,
				30EC7AB92B7D83F200B9D6AA /* Barcode ScannerUITests.xctest */,
			);
			name = Products;
			sourceTree = "<group>";
		};
		30EC7AA12B7D83F000B9D6AA /* Barcode Scanner */ = {
			isa = PBXGroup;
			children = (
				30EC7ADD2B7DCB5900B9D6AA /* Static */,
				30EC7ADC2B7DCB4800B9D6AA /* Utils */,
				30EC7ADA2B7DCB2500B9D6AA /* Views */,
				30EC7AD82B7DCB0200B9D6AA /* Screens */,
				30EC7AA22B7D83F000B9D6AA /* Barcode_ScannerApp.swift */,
				30EC7AA62B7D83F200B9D6AA /* Assets.xcassets */,
				30EC7AA82B7D83F200B9D6AA /* Preview Content */,
			);
			path = "Barcode Scanner";
			sourceTree = "<group>";
		};
		30EC7AA82B7D83F200B9D6AA /* Preview Content */ = {
			isa = PBXGroup;
			children = (
				30EC7AA92B7D83F200B9D6AA /* Preview Assets.xcassets */,
			);
			path = "Preview Content";
			sourceTree = "<group>";
		};
		30EC7AB22B7D83F200B9D6AA /* Barcode ScannerTests */ = {
			isa = PBXGroup;
			children = (
				30EC7AB32B7D83F200B9D6AA /* Barcode_ScannerTests.swift */,
			);
			path = "Barcode ScannerTests";
			sourceTree = "<group>";
		};
		30EC7ABC2B7D83F200B9D6AA /* Barcode ScannerUITests */ = {
			isa = PBXGroup;
			children = (
				30EC7ABD2B7D83F200B9D6AA /* Barcode_ScannerUITests.swift */,
				30EC7ABF2B7D83F200B9D6AA /* Barcode_ScannerUITestsLaunchTests.swift */,
			);
			path = "Barcode ScannerUITests";
			sourceTree = "<group>";
		};
		30EC7AD82B7DCB0200B9D6AA /* Screens */ = {
			isa = PBXGroup;
			children = (
				30EC7AD92B7DCB0C00B9D6AA /* BarcodeScanner */,
			);
			path = Screens;
			sourceTree = "<group>";
		};
		30EC7AD92B7DCB0C00B9D6AA /* BarcodeScanner */ = {
			isa = PBXGroup;
			children = (
				30EC7AD62B7DC8D200B9D6AA /* BarcodeScannerViewModel.swift */,
				30EC7AA42B7D83F000B9D6AA /* BarcodeScannerView.swift */,
			);
			path = BarcodeScanner;
			sourceTree = "<group>";
		};
		30EC7ADA2B7DCB2500B9D6AA /* Views */ = {
			isa = PBXGroup;
			children = (
				30EC7ADB2B7DCB2E00B9D6AA /* UIKit Components */,
			);
			path = Views;
			sourceTree = "<group>";
		};
		30EC7ADB2B7DCB2E00B9D6AA /* UIKit Components */ = {
			isa = PBXGroup;
			children = (
				30EC7ACE2B7D918800B9D6AA /* ScannerView.swift */,
				30EC7ACC2B7D910D00B9D6AA /* ScannerVC.swift */,
			);
			path = "UIKit Components";
			sourceTree = "<group>";
		};
		30EC7ADC2B7DCB4800B9D6AA /* Utils */ = {
			isa = PBXGroup;
			children = (
				30EC7AD22B7D9B7A00B9D6AA /* AudioPlayer.swift */,
				30EC7AD42B7DC84D00B9D6AA /* Alert.swift */,
			);
			path = Utils;
			sourceTree = "<group>";
		};
		30EC7ADD2B7DCB5900B9D6AA /* Static */ = {
			isa = PBXGroup;
			children = (
				30EC7AD02B7D990F00B9D6AA /* beep.mp3 */,
			);
			path = Static;
			sourceTree = "<group>";
		};
/* End PBXGroup section */

/* Begin PBXNativeTarget section */
		30EC7A9E2B7D83F000B9D6AA /* Barcode Scanner */ = {
			isa = PBXNativeTarget;
			buildConfigurationList = 30EC7AC32B7D83F200B9D6AA /* Build configuration list for PBXNativeTarget "Barcode Scanner" */;
			buildPhases = (
				30EC7A9B2B7D83F000B9D6AA /* Sources */,
				30EC7A9C2B7D83F000B9D6AA /* Frameworks */,
				30EC7A9D2B7D83F000B9D6AA /* Resources */,
			);
			buildRules = (
			);
			dependencies = (
			);
			name = "Barcode Scanner";
			productName = "Barcode Scanner";
			productReference = 30EC7A9F2B7D83F000B9D6AA /* Barcode Scanner.app */;
			productType = "com.apple.product-type.application";
		};
		30EC7AAE2B7D83F200B9D6AA /* Barcode ScannerTests */ = {
			isa = PBXNativeTarget;
			buildConfigurationList = 30EC7AC62B7D83F200B9D6AA /* Build configuration list for PBXNativeTarget "Barcode ScannerTests" */;
			buildPhases = (
				30EC7AAB2B7D83F200B9D6AA /* Sources */,
				30EC7AAC2B7D83F200B9D6AA /* Frameworks */,
				30EC7AAD2B7D83F200B9D6AA /* Resources */,
			);
			buildRules = (
			);
			dependencies = (
				30EC7AB12B7D83F200B9D6AA /* PBXTargetDependency */,
			);
			name = "Barcode ScannerTests";
			productName = "Barcode ScannerTests";
			productReference = 30EC7AAF2B7D83F200B9D6AA /* Barcode ScannerTests.xctest */;
			productType = "com.apple.product-type.bundle.unit-test";
		};
		30EC7AB82B7D83F200B9D6AA /* Barcode ScannerUITests */ = {
			isa = PBXNativeTarget;
			buildConfigurationList = 30EC7AC92B7D83F200B9D6AA /* Build configuration list for PBXNativeTarget "Barcode ScannerUITests" */;
			buildPhases = (
				30EC7AB52B7D83F200B9D6AA /* Sources */,
				30EC7AB62B7D83F200B9D6AA /* Frameworks */,
				30EC7AB72B7D83F200B9D6AA /* Resources */,
			);
			buildRules = (
			);
			dependencies = (
				30EC7ABB2B7D83F200B9D6AA /* PBXTargetDependency */,
			);
			name = "Barcode ScannerUITests";
			productName = "Barcode ScannerUITests";
			productReference = 30EC7AB92B7D83F200B9D6AA /* Barcode ScannerUITests.xctest */;
			productType = "com.apple.product-type.bundle.ui-testing";
		};
/* End PBXNativeTarget section */

/* Begin PBXProject section */
		30EC7A972B7D83F000B9D6AA /* Project object */ = {
			isa = PBXProject;
			attributes = {
				BuildIndependentTargetsInParallel = 1;
				LastSwiftUpdateCheck = 1520;
				LastUpgradeCheck = 1520;
				TargetAttributes = {
					30EC7A9E2B7D83F000B9D6AA = {
						CreatedOnToolsVersion = 15.2;
					};
					30EC7AAE2B7D83F200B9D6AA = {
						CreatedOnToolsVersion = 15.2;
						TestTargetID = 30EC7A9E2B7D83F000B9D6AA;
					};
					30EC7AB82B7D83F200B9D6AA = {
						CreatedOnToolsVersion = 15.2;
						TestTargetID = 30EC7A9E2B7D83F000B9D6AA;
					};
				};
			};
			buildConfigurationList = 30EC7A9A2B7D83F000B9D6AA /* Build configuration list for PBXProject "Barcode Scanner" */;
			compatibilityVersion = "Xcode 14.0";
			developmentRegion = en;
			hasScannedForEncodings = 0;
			knownRegions = (
				en,
				Base,
			);
			mainGroup = 30EC7A962B7D83F000B9D6AA;
			productRefGroup = 30EC7AA02B7D83F000B9D6AA /* Products */;
			projectDirPath = "";
			projectRoot = "";
			targets = (
				30EC7A9E2B7D83F000B9D6AA /* Barcode Scanner */,
				30EC7AAE2B7D83F200B9D6AA /* Barcode ScannerTests */,
				30EC7AB82B7D83F200B9D6AA /* Barcode ScannerUITests */,
			);
		};
/* End PBXProject section */

/* Begin PBXResourcesBuildPhase section */
		30EC7A9D2B7D83F000B9D6AA /* Resources */ = {
			isa = PBXResourcesBuildPhase;
			buildActionMask = 2147483647;
			files = (
				30EC7AAA2B7D83F200B9D6AA /* Preview Assets.xcassets in Resources */,
				30EC7AA72B7D83F200B9D6AA /* Assets.xcassets in Resources */,
				30EC7AD12B7D990F00B9D6AA /* beep.mp3 in Resources */,
			);
			runOnlyForDeploymentPostprocessing = 0;
		};
		30EC7AAD2B7D83F200B9D6AA /* Resources */ = {
			isa = PBXResourcesBuildPhase;
			buildActionMask = 2147483647;
			files = (
			);
			runOnlyForDeploymentPostprocessing = 0;
		};
		30EC7AB72B7D83F200B9D6AA /* Resources */ = {
			isa = PBXResourcesBuildPhase;
			buildActionMask = 2147483647;
			files = (
			);
			runOnlyForDeploymentPostprocessing = 0;
		};
/* End PBXResourcesBuildPhase section */

/* Begin PBXSourcesBuildPhase section */
		30EC7A9B2B7D83F000B9D6AA /* Sources */ = {
			isa = PBXSourcesBuildPhase;
			buildActionMask = 2147483647;
			files = (
				30EC7AD52B7DC84D00B9D6AA /* Alert.swift in Sources */,
				30EC7ACD2B7D910D00B9D6AA /* ScannerVC.swift in Sources */,
				30EC7ACF2B7D918800B9D6AA /* ScannerView.swift in Sources */,
				30EC7AD32B7D9B7A00B9D6AA /* AudioPlayer.swift in Sources */,
				30EC7AA52B7D83F000B9D6AA /* BarcodeScannerView.swift in Sources */,
				30EC7AD72B7DC8D200B9D6AA /* BarcodeScannerViewModel.swift in Sources */,
				30EC7AA32B7D83F000B9D6AA /* Barcode_ScannerApp.swift in Sources */,
			);
			runOnlyForDeploymentPostprocessing = 0;
		};
		30EC7AAB2B7D83F200B9D6AA /* Sources */ = {
			isa = PBXSourcesBuildPhase;
			buildActionMask = 2147483647;
			files = (
				30EC7AB42B7D83F200B9D6AA /* Barcode_ScannerTests.swift in Sources */,
			);
			runOnlyForDeploymentPostprocessing = 0;
		};
		30EC7AB52B7D83F200B9D6AA /* Sources */ = {
			isa = PBXSourcesBuildPhase;
			buildActionMask = 2147483647;
			files = (
				30EC7AC02B7D83F200B9D6AA /* Barcode_ScannerUITestsLaunchTests.swift in Sources */,
				30EC7ABE2B7D83F200B9D6AA /* Barcode_ScannerUITests.swift in Sources */,
			);
			runOnlyForDeploymentPostprocessing = 0;
		};
/* End PBXSourcesBuildPhase section */

/* Begin PBXTargetDependency section */
		30EC7AB12B7D83F200B9D6AA /* PBXTargetDependency */ = {
			isa = PBXTargetDependency;
			target = 30EC7A9E2B7D83F000B9D6AA /* Barcode Scanner */;
			targetProxy = 30EC7AB02B7D83F200B9D6AA /* PBXContainerItemProxy */;
		};
		30EC7ABB2B7D83F200B9D6AA /* PBXTargetDependency */ = {
			isa = PBXTargetDependency;
			target = 30EC7A9E2B7D83F000B9D6AA /* Barcode Scanner */;
			targetProxy = 30EC7ABA2B7D83F200B9D6AA /* PBXContainerItemProxy */;
		};
/* End PBXTargetDependency section */

/* Begin XCBuildConfiguration section */
		30EC7AC12B7D83F200B9D6AA /* Debug */ = {
			isa = XCBuildConfiguration;
			buildSettings = {
				ALWAYS_SEARCH_USER_PATHS = NO;
				ASSETCATALOG_COMPILER_GENERATE_SWIFT_ASSET_SYMBOL_EXTENSIONS = YES;
				CLANG_ANALYZER_NONNULL = YES;
				CLANG_ANALYZER_NUMBER_OBJECT_CONVERSION = YES_AGGRESSIVE;
				CLANG_CXX_LANGUAGE_STANDARD = "gnu++20";
				CLANG_ENABLE_MODULES = YES;
				CLANG_ENABLE_OBJC_ARC = YES;
				CLANG_ENABLE_OBJC_WEAK = YES;
				CLANG_WARN_BLOCK_CAPTURE_AUTORELEASING = YES;
				CLANG_WARN_BOOL_CONVERSION = YES;
				CLANG_WARN_COMMA = YES;
				CLANG_WARN_CONSTANT_CONVERSION = YES;
				CLANG_WARN_DEPRECATED_OBJC_IMPLEMENTATIONS = YES;
				CLANG_WARN_DIRECT_OBJC_ISA_USAGE = YES_ERROR;
				CLANG_WARN_DOCUMENTATION_COMMENTS = YES;
				CLANG_WARN_EMPTY_BODY = YES;
				CLANG_WARN_ENUM_CONVERSION = YES;
				CLANG_WARN_INFINITE_RECURSION = YES;
				CLANG_WARN_INT_CONVERSION = YES;
				CLANG_WARN_NON_LITERAL_NULL_CONVERSION = YES;
				CLANG_WARN_OBJC_IMPLICIT_RETAIN_SELF = YES;
				CLANG_WARN_OBJC_LITERAL_CONVERSION = YES;
				CLANG_WARN_OBJC_ROOT_CLASS = YES_ERROR;
				CLANG_WARN_QUOTED_INCLUDE_IN_FRAMEWORK_HEADER = YES;
				CLANG_WARN_RANGE_LOOP_ANALYSIS = YES;
				CLANG_WARN_STRICT_PROTOTYPES = YES;
				CLANG_WARN_SUSPICIOUS_MOVE = YES;
				CLANG_WARN_UNGUARDED_AVAILABILITY = YES_AGGRESSIVE;
				CLANG_WARN_UNREACHABLE_CODE = YES;
				CLANG_WARN__DUPLICATE_METHOD_MATCH = YES;
				COPY_PHASE_STRIP = NO;
				DEBUG_INFORMATION_FORMAT = dwarf;
				ENABLE_STRICT_OBJC_MSGSEND = YES;
				ENABLE_TESTABILITY = YES;
				ENABLE_USER_SCRIPT_SANDBOXING = YES;
				GCC_C_LANGUAGE_STANDARD = gnu17;
				GCC_DYNAMIC_NO_PIC = NO;
				GCC_NO_COMMON_BLOCKS = YES;
				GCC_OPTIMIZATION_LEVEL = 0;
				GCC_PREPROCESSOR_DEFINITIONS = (
					"DEBUG=1",
					"$(inherited)",
				);
				GCC_WARN_64_TO_32_BIT_CONVERSION = YES;
				GCC_WARN_ABOUT_RETURN_TYPE = YES_ERROR;
				GCC_WARN_UNDECLARED_SELECTOR = YES;
				GCC_WARN_UNINITIALIZED_AUTOS = YES_AGGRESSIVE;
				GCC_WARN_UNUSED_FUNCTION = YES;
				GCC_WARN_UNUSED_VARIABLE = YES;
				IPHONEOS_DEPLOYMENT_TARGET = 17.2;
				LOCALIZATION_PREFERS_STRING_CATALOGS = YES;
				MTL_ENABLE_DEBUG_INFO = INCLUDE_SOURCE;
				MTL_FAST_MATH = YES;
				ONLY_ACTIVE_ARCH = YES;
				SDKROOT = iphoneos;
				SWIFT_ACTIVE_COMPILATION_CONDITIONS = "DEBUG $(inherited)";
				SWIFT_OPTIMIZATION_LEVEL = "-Onone";
			};
			name = Debug;
		};
		30EC7AC22B7D83F200B9D6AA /* Release */ = {
			isa = XCBuildConfiguration;
			buildSettings = {
				ALWAYS_SEARCH_USER_PATHS = NO;
				ASSETCATALOG_COMPILER_GENERATE_SWIFT_ASSET_SYMBOL_EXTENSIONS = YES;
				CLANG_ANALYZER_NONNULL = YES;
				CLANG_ANALYZER_NUMBER_OBJECT_CONVERSION = YES_AGGRESSIVE;
				CLANG_CXX_LANGUAGE_STANDARD = "gnu++20";
				CLANG_ENABLE_MODULES = YES;
				CLANG_ENABLE_OBJC_ARC = YES;
				CLANG_ENABLE_OBJC_WEAK = YES;
				CLANG_WARN_BLOCK_CAPTURE_AUTORELEASING = YES;
				CLANG_WARN_BOOL_CONVERSION = YES;
				CLANG_WARN_COMMA = YES;
				CLANG_WARN_CONSTANT_CONVERSION = YES;
				CLANG_WARN_DEPRECATED_OBJC_IMPLEMENTATIONS = YES;
				CLANG_WARN_DIRECT_OBJC_ISA_USAGE = YES_ERROR;
				CLANG_WARN_DOCUMENTATION_COMMENTS = YES;
				CLANG_WARN_EMPTY_BODY = YES;
				CLANG_WARN_ENUM_CONVERSION = YES;
				CLANG_WARN_INFINITE_RECURSION = YES;
				CLANG_WARN_INT_CONVERSION = YES;
				CLANG_WARN_NON_LITERAL_NULL_CONVERSION = YES;
				CLANG_WARN_OBJC_IMPLICIT_RETAIN_SELF = YES;
				CLANG_WARN_OBJC_LITERAL_CONVERSION = YES;
				CLANG_WARN_OBJC_ROOT_CLASS = YES_ERROR;
				CLANG_WARN_QUOTED_INCLUDE_IN_FRAMEWORK_HEADER = YES;
				CLANG_WARN_RANGE_LOOP_ANALYSIS = YES;
				CLANG_WARN_STRICT_PROTOTYPES = YES;
				CLANG_WARN_SUSPICIOUS_MOVE = YES;
				CLANG_WARN_UNGUARDED_AVAILABILITY = YES_AGGRESSIVE;
				CLANG_WARN_UNREACHABLE_CODE = YES;
				CLANG_WARN__DUPLICATE_METHOD_MATCH = YES;
				COPY_PHASE_STRIP = NO;
				DEBUG_INFORMATION_FORMAT = "dwarf-with-dsym";
				ENABLE_NS_ASSERTIONS = NO;
				ENABLE_STRICT_OBJC_MSGSEND = YES;
				ENABLE_USER_SCRIPT_SANDBOXING = YES;
				GCC_C_LANGUAGE_STANDARD = gnu17;
				GCC_NO_COMMON_BLOCKS = YES;
				GCC_WARN_64_TO_32_BIT_CONVERSION = YES;
				GCC_WARN_ABOUT_RETURN_TYPE = YES_ERROR;
				GCC_WARN_UNDECLARED_SELECTOR = YES;
				GCC_WARN_UNINITIALIZED_AUTOS = YES_AGGRESSIVE;
				GCC_WARN_UNUSED_FUNCTION = YES;
				GCC_WARN_UNUSED_VARIABLE = YES;
				IPHONEOS_DEPLOYMENT_TARGET = 17.2;
				LOCALIZATION_PREFERS_STRING_CATALOGS = YES;
				MTL_ENABLE_DEBUG_INFO = NO;
				MTL_FAST_MATH = YES;
				SDKROOT = iphoneos;
				SWIFT_COMPILATION_MODE = wholemodule;
				VALIDATE_PRODUCT = YES;
			};
			name = Release;
		};
		30EC7AC42B7D83F200B9D6AA /* Debug */ = {
			isa = XCBuildConfiguration;
			buildSettings = {
				ASSETCATALOG_COMPILER_APPICON_NAME = AppIcon;
				ASSETCATALOG_COMPILER_GLOBAL_ACCENT_COLOR_NAME = AccentColor;
				CODE_SIGN_STYLE = Automatic;
				CURRENT_PROJECT_VERSION = 1;
				DEVELOPMENT_ASSET_PATHS = "\"Barcode Scanner/Preview Content\"";
				DEVELOPMENT_TEAM = KCFD483S37;
				ENABLE_PREVIEWS = YES;
				GENERATE_INFOPLIST_FILE = YES;
				INFOPLIST_KEY_NSCameraUsageDescription = "Required to scan barcode";
				INFOPLIST_KEY_UIApplicationSceneManifest_Generation = YES;
				INFOPLIST_KEY_UIApplicationSupportsIndirectInputEvents = YES;
				INFOPLIST_KEY_UILaunchScreen_Generation = YES;
				INFOPLIST_KEY_UISupportedInterfaceOrientations_iPad = "UIInterfaceOrientationPortrait UIInterfaceOrientationPortraitUpsideDown UIInterfaceOrientationLandscapeLeft UIInterfaceOrientationLandscapeRight";
				INFOPLIST_KEY_UISupportedInterfaceOrientations_iPhone = "UIInterfaceOrientationPortrait UIInterfaceOrientationLandscapeLeft UIInterfaceOrientationLandscapeRight";
				LD_RUNPATH_SEARCH_PATHS = (
					"$(inherited)",
					"@executable_path/Frameworks",
				);
				MARKETING_VERSION = 1.0;
				PRODUCT_BUNDLE_IDENTIFIER = "com.smartRep.Barcode-Scanner";
				PRODUCT_NAME = "$(TARGET_NAME)";
				SWIFT_EMIT_LOC_STRINGS = YES;
				SWIFT_VERSION = 5.0;
				TARGETED_DEVICE_FAMILY = "1,2";
			};
			name = Debug;
		};
		30EC7AC52B7D83F200B9D6AA /* Release */ = {
			isa = XCBuildConfiguration;
			buildSettings = {
				ASSETCATALOG_COMPILER_APPICON_NAME = AppIcon;
				ASSETCATALOG_COMPILER_GLOBAL_ACCENT_COLOR_NAME = AccentColor;
				CODE_SIGN_STYLE = Automatic;
				CURRENT_PROJECT_VERSION = 1;
				DEVELOPMENT_ASSET_PATHS = "\"Barcode Scanner/Preview Content\"";
				DEVELOPMENT_TEAM = KCFD483S37;
				ENABLE_PREVIEWS = YES;
				GENERATE_INFOPLIST_FILE = YES;
				INFOPLIST_KEY_NSCameraUsageDescription = "Required to scan barcode";
				INFOPLIST_KEY_UIApplicationSceneManifest_Generation = YES;
				INFOPLIST_KEY_UIApplicationSupportsIndirectInputEvents = YES;
				INFOPLIST_KEY_UILaunchScreen_Generation = YES;
				INFOPLIST_KEY_UISupportedInterfaceOrientations_iPad = "UIInterfaceOrientationPortrait UIInterfaceOrientationPortraitUpsideDown UIInterfaceOrientationLandscapeLeft UIInterfaceOrientationLandscapeRight";
				INFOPLIST_KEY_UISupportedInterfaceOrientations_iPhone = "UIInterfaceOrientationPortrait UIInterfaceOrientationLandscapeLeft UIInterfaceOrientationLandscapeRight";
				LD_RUNPATH_SEARCH_PATHS = (
					"$(inherited)",
					"@executable_path/Frameworks",
				);
				MARKETING_VERSION = 1.0;
				PRODUCT_BUNDLE_IDENTIFIER = "com.smartRep.Barcode-Scanner";
				PRODUCT_NAME = "$(TARGET_NAME)";
				SWIFT_EMIT_LOC_STRINGS = YES;
				SWIFT_VERSION = 5.0;
				TARGETED_DEVICE_FAMILY = "1,2";
			};
			name = Release;
		};
		30EC7AC72B7D83F200B9D6AA /* Debug */ = {
			isa = XCBuildConfiguration;
			buildSettings = {
				ALWAYS_EMBED_SWIFT_STANDARD_LIBRARIES = YES;
				BUNDLE_LOADER = "$(TEST_HOST)";
				CODE_SIGN_STYLE = Automatic;
				CURRENT_PROJECT_VERSION = 1;
				DEVELOPMENT_TEAM = KCFD483S37;
				GENERATE_INFOPLIST_FILE = YES;
				IPHONEOS_DEPLOYMENT_TARGET = 17.2;
				MARKETING_VERSION = 1.0;
				PRODUCT_BUNDLE_IDENTIFIER = "com.smartRep.Barcode-ScannerTests";
				PRODUCT_NAME = "$(TARGET_NAME)";
				SWIFT_EMIT_LOC_STRINGS = NO;
				SWIFT_VERSION = 5.0;
				TARGETED_DEVICE_FAMILY = "1,2";
				TEST_HOST = "$(BUILT_PRODUCTS_DIR)/Barcode Scanner.app/$(BUNDLE_EXECUTABLE_FOLDER_PATH)/Barcode Scanner";
			};
			name = Debug;
		};
		30EC7AC82B7D83F200B9D6AA /* Release */ = {
			isa = XCBuildConfiguration;
			buildSettings = {
				ALWAYS_EMBED_SWIFT_STANDARD_LIBRARIES = YES;
				BUNDLE_LOADER = "$(TEST_HOST)";
				CODE_SIGN_STYLE = Automatic;
				CURRENT_PROJECT_VERSION = 1;
				DEVELOPMENT_TEAM = KCFD483S37;
				GENERATE_INFOPLIST_FILE = YES;
				IPHONEOS_DEPLOYMENT_TARGET = 17.2;
				MARKETING_VERSION = 1.0;
				PRODUCT_BUNDLE_IDENTIFIER = "com.smartRep.Barcode-ScannerTests";
				PRODUCT_NAME = "$(TARGET_NAME)";
				SWIFT_EMIT_LOC_STRINGS = NO;
				SWIFT_VERSION = 5.0;
				TARGETED_DEVICE_FAMILY = "1,2";
				TEST_HOST = "$(BUILT_PRODUCTS_DIR)/Barcode Scanner.app/$(BUNDLE_EXECUTABLE_FOLDER_PATH)/Barcode Scanner";
			};
			name = Release;
		};
		30EC7ACA2B7D83F200B9D6AA /* Debug */ = {
			isa = XCBuildConfiguration;
			buildSettings = {
				ALWAYS_EMBED_SWIFT_STANDARD_LIBRARIES = YES;
				CODE_SIGN_STYLE = Automatic;
				CURRENT_PROJECT_VERSION = 1;
				DEVELOPMENT_TEAM = KCFD483S37;
				GENERATE_INFOPLIST_FILE = YES;
				MARKETING_VERSION = 1.0;
				PRODUCT_BUNDLE_IDENTIFIER = "com.smartRep.Barcode-ScannerUITests";
				PRODUCT_NAME = "$(TARGET_NAME)";
				SWIFT_EMIT_LOC_STRINGS = NO;
				SWIFT_VERSION = 5.0;
				TARGETED_DEVICE_FAMILY = "1,2";
				TEST_TARGET_NAME = "Barcode Scanner";
			};
			name = Debug;
		};
		30EC7ACB2B7D83F200B9D6AA /* Release */ = {
			isa = XCBuildConfiguration;
			buildSettings = {
				ALWAYS_EMBED_SWIFT_STANDARD_LIBRARIES = YES;
				CODE_SIGN_STYLE = Automatic;
				CURRENT_PROJECT_VERSION = 1;
				DEVELOPMENT_TEAM = KCFD483S37;
				GENERATE_INFOPLIST_FILE = YES;
				MARKETING_VERSION = 1.0;
				PRODUCT_BUNDLE_IDENTIFIER = "com.smartRep.Barcode-ScannerUITests";
				PRODUCT_NAME = "$(TARGET_NAME)";
				SWIFT_EMIT_LOC_STRINGS = NO;
				SWIFT_VERSION = 5.0;
				TARGETED_DEVICE_FAMILY = "1,2";
				TEST_TARGET_NAME = "Barcode Scanner";
			};
			name = Release;
		};
/* End XCBuildConfiguration section */

/* Begin XCConfigurationList section */
		30EC7A9A2B7D83F000B9D6AA /* Build configuration list for PBXProject "Barcode Scanner" */ = {
			isa = XCConfigurationList;
			buildConfigurations = (
				30EC7AC12B7D83F200B9D6AA /* Debug */,
				30EC7AC22B7D83F200B9D6AA /* Release */,
			);
			defaultConfigurationIsVisible = 0;
			defaultConfigurationName = Release;
		};
		30EC7AC32B7D83F200B9D6AA /* Build configuration list for PBXNativeTarget "Barcode Scanner" */ = {
			isa = XCConfigurationList;
			buildConfigurations = (
				30EC7AC42B7D83F200B9D6AA /* Debug */,
				30EC7AC52B7D83F200B9D6AA /* Release */,
			);
			defaultConfigurationIsVisible = 0;
			defaultConfigurationName = Release;
		};
		30EC7AC62B7D83F200B9D6AA /* Build configuration list for PBXNativeTarget "Barcode ScannerTests" */ = {
			isa = XCConfigurationList;
			buildConfigurations = (
				30EC7AC72B7D83F200B9D6AA /* Debug */,
				30EC7AC82B7D83F200B9D6AA /* Release */,
			);
			defaultConfigurationIsVisible = 0;
			defaultConfigurationName = Release;
		};
		30EC7AC92B7D83F200B9D6AA /* Build configuration list for PBXNativeTarget "Barcode ScannerUITests" */ = {
			isa = XCConfigurationList;
			buildConfigurations = (
				30EC7ACA2B7D83F200B9D6AA /* Debug */,
				30EC7ACB2B7D83F200B9D6AA /* Release */,
			);
			defaultConfigurationIsVisible = 0;
			defaultConfigurationName = Release;
		};
/* End XCConfigurationList section */
	};
	rootObject = 30EC7A972B7D83F000B9D6AA /* Project object */;
}
